
Microsoft Visual Studio Solution File, Format Version 12.00
# Visual Studio Version 17
VisualStudioVersion = 17.13.35931.197 d17.13
MinimumVisualStudioVersion = 10.0.40219.1
Project("{FAE04EC0-301F-11D3-BF4B-00C04F79EFBC}") = "ThaoNguyen", "ThaoNguyen.csproj", "{3D7FE4F9-53BB-460C-B935-365CB8A96754}"
EndProject
Global
	GlobalSection(SolutionConfigurationPlatforms) = preSolution
		Debug|Any CPU = Debug|Any CPU
		Release|Any CPU = Release|Any CPU
	EndGlobalSection
	GlobalSection(ProjectConfigurationPlatforms) = postSolution
		{3D7FE4F9-53BB-460C-B935-365CB8A96754}.Debug|Any CPU.ActiveCfg = Debug|Any CPU
		{3D7FE4F9-53BB-460C-B935-365CB8A96754}.Debug|Any CPU.Build.0 = Debug|Any CPU
		{3D7FE4F9-53BB-460C-B935-365CB8A96754}.Release|Any CPU.ActiveCfg = Release|Any CPU
		{3D7FE4F9-53BB-460C-B935-365CB8A96754}.Release|Any CPU.Build.0 = Release|Any CPU
	EndGlobalSection
	GlobalSection(SolutionProperties) = preSolution
		HideSolutionNode = FALSE
	EndGlobalSection
	GlobalSection(ExtensibilityGlobals) = postSolution
		SolutionGuid = {F9CAE5D5-64ED-4AE3-935D-7FE1326A778E}
	EndGlobalSection
EndGlobal
